
Microsoft Visual Studio Solution File, Format Version 12.00
# Visual Studio Version 16
VisualStudioVersion = 16.0.29025.244
MinimumVisualStudioVersion = 10.0.40219.1
Project("{FAE04EC0-301F-11D3-BF4B-00C04F79EFBC}") = "CollectionExamples", "CollectionExamples.csproj", "{24FB1E1C-5124-4764-92D0-9306CBF6E0D8}"
EndProject
Global
	GlobalSection(SolutionConfigurationPlatforms) = preSolution
		Debug|Any CPU = Debug|Any CPU
		Release|Any CPU = Release|Any CPU
	EndGlobalSection
	GlobalSection(ProjectConfigurationPlatforms) = postSolution
		{24FB1E1C-5124-4764-92D0-9306CBF6E0D8}.Debug|Any CPU.ActiveCfg = Debug|Any CPU
		{24FB1E1C-5124-4764-92D0-9306CBF6E0D8}.Debug|Any CPU.Build.0 = Debug|Any CPU
		{24FB1E1C-5124-4764-92D0-9306CBF6E0D8}.Release|Any CPU.ActiveCfg = Release|Any CPU
		{24FB1E1C-5124-4764-92D0-9306CBF6E0D8}.Release|Any CPU.Build.0 = Release|Any CPU
	EndGlobalSection
	GlobalSection(SolutionProperties) = preSolution
		HideSolutionNode = FALSE
	EndGlobalSection
	GlobalSection(ExtensibilityGlobals) = postSolution
		SolutionGuid = {B1AD7453-09F3-4B1C-ACD5-631EDCD3A755}
	EndGlobalSection
EndGlobal
