
Microsoft Visual Studio Solution File, Format Version 12.00
# Visual Studio Version 16
VisualStudioVersion = 16.0.29025.244
MinimumVisualStudioVersion = 10.0.40219.1
Project("{FAE04EC0-301F-11D3-BF4B-00C04F79EFBC}") = "MVCFirstApp3", "MVCFirstApp3.csproj", "{28BE1CA2-0406-4FC2-AA7B-E67760CACBD0}"
EndProject
Global
	GlobalSection(SolutionConfigurationPlatforms) = preSolution
		Debug|Any CPU = Debug|Any CPU
		Release|Any CPU = Release|Any CPU
	EndGlobalSection
	GlobalSection(ProjectConfigurationPlatforms) = postSolution
		{28BE1CA2-0406-4FC2-AA7B-E67760CACBD0}.Debug|Any CPU.ActiveCfg = Debug|Any CPU
		{28BE1CA2-0406-4FC2-AA7B-E67760CACBD0}.Debug|Any CPU.Build.0 = Debug|Any CPU
		{28BE1CA2-0406-4FC2-AA7B-E67760CACBD0}.Release|Any CPU.ActiveCfg = Release|Any CPU
		{28BE1CA2-0406-4FC2-AA7B-E67760CACBD0}.Release|Any CPU.Build.0 = Release|Any CPU
	EndGlobalSection
	GlobalSection(SolutionProperties) = preSolution
		HideSolutionNode = FALSE
	EndGlobalSection
	GlobalSection(ExtensibilityGlobals) = postSolution
		SolutionGuid = {A826C435-9E70-415A-9FED-89C1BF0CDFD8}
	EndGlobalSection
EndGlobal
