
Microsoft Visual Studio Solution File, Format Version 12.00
# Visual Studio Version 16
VisualStudioVersion = 16.0.29025.244
MinimumVisualStudioVersion = 10.0.40219.1
Project("{FAE04EC0-301F-11D3-BF4B-00C04F79EFBC}") = "CS-HW2-Fibonacci", "CS-HW2-Fibonacci.csproj", "{0D293D91-8DE0-4EEF-8671-2080D48CDD03}"
EndProject
Global
	GlobalSection(SolutionConfigurationPlatforms) = preSolution
		Debug|Any CPU = Debug|Any CPU
		Release|Any CPU = Release|Any CPU
	EndGlobalSection
	GlobalSection(ProjectConfigurationPlatforms) = postSolution
		{0D293D91-8DE0-4EEF-8671-2080D48CDD03}.Debug|Any CPU.ActiveCfg = Debug|Any CPU
		{0D293D91-8DE0-4EEF-8671-2080D48CDD03}.Debug|Any CPU.Build.0 = Debug|Any CPU
		{0D293D91-8DE0-4EEF-8671-2080D48CDD03}.Release|Any CPU.ActiveCfg = Release|Any CPU
		{0D293D91-8DE0-4EEF-8671-2080D48CDD03}.Release|Any CPU.Build.0 = Release|Any CPU
	EndGlobalSection
	GlobalSection(SolutionProperties) = preSolution
		HideSolutionNode = FALSE
	EndGlobalSection
	GlobalSection(ExtensibilityGlobals) = postSolution
		SolutionGuid = {475482A4-7DE1-42F0-8947-B423428351BD}
	EndGlobalSection
EndGlobal
