
Microsoft Visual Studio Solution File, Format Version 12.00
# Visual Studio Version 16
VisualStudioVersion = 16.0.29025.244
MinimumVisualStudioVersion = 10.0.40219.1
Project("{FAE04EC0-301F-11D3-BF4B-00C04F79EFBC}") = "MVCFirstApp", "MVCFirstApp.csproj", "{FFE990A6-3116-41DE-B9BF-62AB66F59AB8}"
EndProject
Global
	GlobalSection(SolutionConfigurationPlatforms) = preSolution
		Debug|Any CPU = Debug|Any CPU
		Release|Any CPU = Release|Any CPU
	EndGlobalSection
	GlobalSection(ProjectConfigurationPlatforms) = postSolution
		{FFE990A6-3116-41DE-B9BF-62AB66F59AB8}.Debug|Any CPU.ActiveCfg = Debug|Any CPU
		{FFE990A6-3116-41DE-B9BF-62AB66F59AB8}.Debug|Any CPU.Build.0 = Debug|Any CPU
		{FFE990A6-3116-41DE-B9BF-62AB66F59AB8}.Release|Any CPU.ActiveCfg = Release|Any CPU
		{FFE990A6-3116-41DE-B9BF-62AB66F59AB8}.Release|Any CPU.Build.0 = Release|Any CPU
	EndGlobalSection
	GlobalSection(SolutionProperties) = preSolution
		HideSolutionNode = FALSE
	EndGlobalSection
	GlobalSection(ExtensibilityGlobals) = postSolution
		SolutionGuid = {537BFF3D-9770-4733-8221-B6E145297129}
	EndGlobalSection
EndGlobal
