
Microsoft Visual Studio Solution File, Format Version 12.00
# Visual Studio Version 16
VisualStudioVersion = 16.0.29025.244
MinimumVisualStudioVersion = 10.0.40219.1
Project("{FAE04EC0-301F-11D3-BF4B-00C04F79EFBC}") = "CS-HW-1", "CS-HW-1.csproj", "{2AC3BDD5-94A1-400F-984E-845A70009A6C}"
EndProject
Global
	GlobalSection(SolutionConfigurationPlatforms) = preSolution
		Debug|Any CPU = Debug|Any CPU
		Release|Any CPU = Release|Any CPU
	EndGlobalSection
	GlobalSection(ProjectConfigurationPlatforms) = postSolution
		{2AC3BDD5-94A1-400F-984E-845A70009A6C}.Debug|Any CPU.ActiveCfg = Debug|Any CPU
		{2AC3BDD5-94A1-400F-984E-845A70009A6C}.Debug|Any CPU.Build.0 = Debug|Any CPU
		{2AC3BDD5-94A1-400F-984E-845A70009A6C}.Release|Any CPU.ActiveCfg = Release|Any CPU
		{2AC3BDD5-94A1-400F-984E-845A70009A6C}.Release|Any CPU.Build.0 = Release|Any CPU
	EndGlobalSection
	GlobalSection(SolutionProperties) = preSolution
		HideSolutionNode = FALSE
	EndGlobalSection
	GlobalSection(ExtensibilityGlobals) = postSolution
		SolutionGuid = {182A1FD5-8E2F-4B7B-9961-61ABD0A3C9FF}
	EndGlobalSection
EndGlobal
