
Microsoft Visual Studio Solution File, Format Version 12.00
# Visual Studio Version 16
VisualStudioVersion = 16.0.29025.244
MinimumVisualStudioVersion = 10.0.40219.1
Project("{FAE04EC0-301F-11D3-BF4B-00C04F79EFBC}") = "InterviewQuestions", "InterviewQuestions.csproj", "{BE1DC0E8-B7BE-42A1-B21A-1E065F0734F2}"
EndProject
Global
	GlobalSection(SolutionConfigurationPlatforms) = preSolution
		Debug|Any CPU = Debug|Any CPU
		Release|Any CPU = Release|Any CPU
	EndGlobalSection
	GlobalSection(ProjectConfigurationPlatforms) = postSolution
		{BE1DC0E8-B7BE-42A1-B21A-1E065F0734F2}.Debug|Any CPU.ActiveCfg = Debug|Any CPU
		{BE1DC0E8-B7BE-42A1-B21A-1E065F0734F2}.Debug|Any CPU.Build.0 = Debug|Any CPU
		{BE1DC0E8-B7BE-42A1-B21A-1E065F0734F2}.Release|Any CPU.ActiveCfg = Release|Any CPU
		{BE1DC0E8-B7BE-42A1-B21A-1E065F0734F2}.Release|Any CPU.Build.0 = Release|Any CPU
	EndGlobalSection
	GlobalSection(SolutionProperties) = preSolution
		HideSolutionNode = FALSE
	EndGlobalSection
	GlobalSection(ExtensibilityGlobals) = postSolution
		SolutionGuid = {B63B5352-26F8-46FF-9194-A2C93F11E0D6}
	EndGlobalSection
EndGlobal
