
Microsoft Visual Studio Solution File, Format Version 12.00
# Visual Studio Version 16
VisualStudioVersion = 16.0.29025.244
MinimumVisualStudioVersion = 10.0.40219.1
Project("{FAE04EC0-301F-11D3-BF4B-00C04F79EFBC}") = "CS-HW-2", "CS-HW-2.csproj", "{8A80F9F2-A92E-4F31-A33F-FBA748CC98DF}"
EndProject
Global
	GlobalSection(SolutionConfigurationPlatforms) = preSolution
		Debug|Any CPU = Debug|Any CPU
		Release|Any CPU = Release|Any CPU
	EndGlobalSection
	GlobalSection(ProjectConfigurationPlatforms) = postSolution
		{8A80F9F2-A92E-4F31-A33F-FBA748CC98DF}.Debug|Any CPU.ActiveCfg = Debug|Any CPU
		{8A80F9F2-A92E-4F31-A33F-FBA748CC98DF}.Debug|Any CPU.Build.0 = Debug|Any CPU
		{8A80F9F2-A92E-4F31-A33F-FBA748CC98DF}.Release|Any CPU.ActiveCfg = Release|Any CPU
		{8A80F9F2-A92E-4F31-A33F-FBA748CC98DF}.Release|Any CPU.Build.0 = Release|Any CPU
	EndGlobalSection
	GlobalSection(SolutionProperties) = preSolution
		HideSolutionNode = FALSE
	EndGlobalSection
	GlobalSection(ExtensibilityGlobals) = postSolution
		SolutionGuid = {AEADB85D-6A28-4E9A-9239-3F7084E13CC5}
	EndGlobalSection
EndGlobal
